Microsoft Visual Studio Solution File, Format Version 12.00
# Visual Studio 15
VisualStudioVersion = 15.0.26124.0
MinimumVisualStudioVersion = 15.0.26124.0
Project("{FAE04EC0-301F-11D3-BF4B-00C04F79EFBC}") = "QueryBuilder", "QueryBuilder\QueryBuilder.csproj", "{661F16E7-9C88-4E2D-BCBA-2D62BE178DA5}"
EndProject
Project("{FAE04EC0-301F-11D3-BF4B-00C04F79EFBC}") = "QueryBuilder.Tests", "QueryBuilder.Tests\QueryBuilder.Tests.csproj", "{BF95B7BD-0DA2-4F96-B7E6-DFD5BC319AE2}"
EndProject
Project("{FAE04EC0-301F-11D3-BF4B-00C04F79EFBC}") = "example", "example\example.csproj", "{930E2690-FC12-4E41-833B-489AC698F40B}"
EndProject
Global
	GlobalSection(SolutionConfigurationPlatforms) = preSolution
		Debug|Any CPU = Debug|Any CPU
		Debug|x64 = Debug|x64
		Debug|x86 = Debug|x86
		Release|Any CPU = Release|Any CPU
		Release|x64 = Release|x64
		Release|x86 = Release|x86
	EndGlobalSection
	GlobalSection(SolutionProperties) = preSolution
		HideSolutionNode = FALSE
	EndGlobalSection
	GlobalSection(ProjectConfigurationPlatforms) = postSolution
		{661F16E7-9C88-4E2D-BCBA-2D62BE178DA5}.Debug|Any CPU.ActiveCfg = Debug|Any CPU
		{661F16E7-9C88-4E2D-BCBA-2D62BE178DA5}.Debug|Any CPU.Build.0 = Debug|Any CPU
		{661F16E7-9C88-4E2D-BCBA-2D62BE178DA5}.Debug|x64.ActiveCfg = Debug|x64
		{661F16E7-9C88-4E2D-BCBA-2D62BE178DA5}.Debug|x64.Build.0 = Debug|x64
		{661F16E7-9C88-4E2D-BCBA-2D62BE178DA5}.Debug|x86.ActiveCfg = Debug|x86
		{661F16E7-9C88-4E2D-BCBA-2D62BE178DA5}.Debug|x86.Build.0 = Debug|x86
		{661F16E7-9C88-4E2D-BCBA-2D62BE178DA5}.Release|Any CPU.ActiveCfg = Release|Any CPU
		{661F16E7-9C88-4E2D-BCBA-2D62BE178DA5}.Release|Any CPU.Build.0 = Release|Any CPU
		{661F16E7-9C88-4E2D-BCBA-2D62BE178DA5}.Release|x64.ActiveCfg = Release|x64
		{661F16E7-9C88-4E2D-BCBA-2D62BE178DA5}.Release|x64.Build.0 = Release|x64
		{661F16E7-9C88-4E2D-BCBA-2D62BE178DA5}.Release|x86.ActiveCfg = Release|x86
		{661F16E7-9C88-4E2D-BCBA-2D62BE178DA5}.Release|x86.Build.0 = Release|x86
		{BF95B7BD-0DA2-4F96-B7E6-DFD5BC319AE2}.Debug|Any CPU.ActiveCfg = Debug|Any CPU
		{BF95B7BD-0DA2-4F96-B7E6-DFD5BC319AE2}.Debug|Any CPU.Build.0 = Debug|Any CPU
		{BF95B7BD-0DA2-4F96-B7E6-DFD5BC319AE2}.Debug|x64.ActiveCfg = Debug|x64
		{BF95B7BD-0DA2-4F96-B7E6-DFD5BC319AE2}.Debug|x64.Build.0 = Debug|x64
		{BF95B7BD-0DA2-4F96-B7E6-DFD5BC319AE2}.Debug|x86.ActiveCfg = Debug|x86
		{BF95B7BD-0DA2-4F96-B7E6-DFD5BC319AE2}.Debug|x86.Build.0 = Debug|x86
		{BF95B7BD-0DA2-4F96-B7E6-DFD5BC319AE2}.Release|Any CPU.ActiveCfg = Release|Any CPU
		{BF95B7BD-0DA2-4F96-B7E6-DFD5BC319AE2}.Release|Any CPU.Build.0 = Release|Any CPU
		{BF95B7BD-0DA2-4F96-B7E6-DFD5BC319AE2}.Release|x64.ActiveCfg = Release|x64
		{BF95B7BD-0DA2-4F96-B7E6-DFD5BC319AE2}.Release|x64.Build.0 = Release|x64
		{BF95B7BD-0DA2-4F96-B7E6-DFD5BC319AE2}.Release|x86.ActiveCfg = Release|x86
		{BF95B7BD-0DA2-4F96-B7E6-DFD5BC319AE2}.Release|x86.Build.0 = Release|x86
		{930E2690-FC12-4E41-833B-489AC698F40B}.Debug|Any CPU.ActiveCfg = Debug|Any CPU
		{930E2690-FC12-4E41-833B-489AC698F40B}.Debug|Any CPU.Build.0 = Debug|Any CPU
		{930E2690-FC12-4E41-833B-489AC698F40B}.Debug|x64.ActiveCfg = Debug|x64
		{930E2690-FC12-4E41-833B-489AC698F40B}.Debug|x64.Build.0 = Debug|x64
		{930E2690-FC12-4E41-833B-489AC698F40B}.Debug|x86.ActiveCfg = Debug|x86
		{930E2690-FC12-4E41-833B-489AC698F40B}.Debug|x86.Build.0 = Debug|x86
		{930E2690-FC12-4E41-833B-489AC698F40B}.Release|Any CPU.ActiveCfg = Release|Any CPU
		{930E2690-FC12-4E41-833B-489AC698F40B}.Release|Any CPU.Build.0 = Release|Any CPU
		{930E2690-FC12-4E41-833B-489AC698F40B}.Release|x64.ActiveCfg = Release|x64
		{930E2690-FC12-4E41-833B-489AC698F40B}.Release|x64.Build.0 = Release|x64
		{930E2690-FC12-4E41-833B-489AC698F40B}.Release|x86.ActiveCfg = Release|x86
		{930E2690-FC12-4E41-833B-489AC698F40B}.Release|x86.Build.0 = Release|x86
	EndGlobalSection
EndGlobal
