Microsoft Visual Studio Solution File, Format Version 12.00
# Visual Studio 15
VisualStudioVersion = 15.0.26124.0
MinimumVisualStudioVersion = 15.0.26124.0
Project("{9A19103F-16F7-4668-BE54-9A1E7A4F7556}") = "QueryBuilder", "QueryBuilder\QueryBuilder.csproj", "{661F16E7-9C88-4E2D-BCBA-2D62BE178DA5}"
EndProject
Project("{9A19103F-16F7-4668-BE54-9A1E7A4F7556}") = "QueryBuilder.Tests", "QueryBuilder.Tests\QueryBuilder.Tests.csproj", "{BF95B7BD-0DA2-4F96-B7E6-DFD5BC319AE2}"
EndProject
Project("{9A19103F-16F7-4668-BE54-9A1E7A4F7556}") = "SqlKata.Execution", "SqlKata.Execution\SqlKata.Execution.csproj", "{38422976-61C1-4ADF-962D-8B6FB31A4C5D}"
EndProject
Global
	GlobalSection(SolutionConfigurationPlatforms) = preSolution
		Debug|Any CPU = Debug|Any CPU
		Debug|x64 = Debug|x64
		Debug|x86 = Debug|x86
		Release|Any CPU = Release|Any CPU
		Release|x64 = Release|x64
		Release|x86 = Release|x86
	EndGlobalSection
	GlobalSection(ProjectConfigurationPlatforms) = postSolution
		{661F16E7-9C88-4E2D-BCBA-2D62BE178DA5}.Debug|Any CPU.ActiveCfg = Debug|Any CPU
		{661F16E7-9C88-4E2D-BCBA-2D62BE178DA5}.Debug|Any CPU.Build.0 = Debug|Any CPU
		{661F16E7-9C88-4E2D-BCBA-2D62BE178DA5}.Debug|x64.ActiveCfg = Debug|Any CPU
		{661F16E7-9C88-4E2D-BCBA-2D62BE178DA5}.Debug|x64.Build.0 = Debug|Any CPU
		{661F16E7-9C88-4E2D-BCBA-2D62BE178DA5}.Debug|x86.ActiveCfg = Debug|Any CPU
		{661F16E7-9C88-4E2D-BCBA-2D62BE178DA5}.Debug|x86.Build.0 = Debug|Any CPU
		{661F16E7-9C88-4E2D-BCBA-2D62BE178DA5}.Release|Any CPU.ActiveCfg = Release|Any CPU
		{661F16E7-9C88-4E2D-BCBA-2D62BE178DA5}.Release|Any CPU.Build.0 = Release|Any CPU
		{661F16E7-9C88-4E2D-BCBA-2D62BE178DA5}.Release|x64.ActiveCfg = Release|Any CPU
		{661F16E7-9C88-4E2D-BCBA-2D62BE178DA5}.Release|x64.Build.0 = Release|Any CPU
		{661F16E7-9C88-4E2D-BCBA-2D62BE178DA5}.Release|x86.ActiveCfg = Release|Any CPU
		{661F16E7-9C88-4E2D-BCBA-2D62BE178DA5}.Release|x86.Build.0 = Release|Any CPU
		{BF95B7BD-0DA2-4F96-B7E6-DFD5BC319AE2}.Debug|Any CPU.ActiveCfg = Debug|Any CPU
		{BF95B7BD-0DA2-4F96-B7E6-DFD5BC319AE2}.Debug|Any CPU.Build.0 = Debug|Any CPU
		{BF95B7BD-0DA2-4F96-B7E6-DFD5BC319AE2}.Debug|x64.ActiveCfg = Debug|Any CPU
		{BF95B7BD-0DA2-4F96-B7E6-DFD5BC319AE2}.Debug|x64.Build.0 = Debug|Any CPU
		{BF95B7BD-0DA2-4F96-B7E6-DFD5BC319AE2}.Debug|x86.ActiveCfg = Debug|Any CPU
		{BF95B7BD-0DA2-4F96-B7E6-DFD5BC319AE2}.Debug|x86.Build.0 = Debug|Any CPU
		{BF95B7BD-0DA2-4F96-B7E6-DFD5BC319AE2}.Release|Any CPU.ActiveCfg = Release|Any CPU
		{BF95B7BD-0DA2-4F96-B7E6-DFD5BC319AE2}.Release|Any CPU.Build.0 = Release|Any CPU
		{BF95B7BD-0DA2-4F96-B7E6-DFD5BC319AE2}.Release|x64.ActiveCfg = Release|Any CPU
		{BF95B7BD-0DA2-4F96-B7E6-DFD5BC319AE2}.Release|x64.Build.0 = Release|Any CPU
		{BF95B7BD-0DA2-4F96-B7E6-DFD5BC319AE2}.Release|x86.ActiveCfg = Release|Any CPU
		{BF95B7BD-0DA2-4F96-B7E6-DFD5BC319AE2}.Release|x86.Build.0 = Release|Any CPU
		{38422976-61C1-4ADF-962D-8B6FB31A4C5D}.Debug|Any CPU.ActiveCfg = Debug|Any CPU
		{38422976-61C1-4ADF-962D-8B6FB31A4C5D}.Debug|Any CPU.Build.0 = Debug|Any CPU
		{38422976-61C1-4ADF-962D-8B6FB31A4C5D}.Debug|x64.ActiveCfg = Debug|Any CPU
		{38422976-61C1-4ADF-962D-8B6FB31A4C5D}.Debug|x64.Build.0 = Debug|Any CPU
		{38422976-61C1-4ADF-962D-8B6FB31A4C5D}.Debug|x86.ActiveCfg = Debug|Any CPU
		{38422976-61C1-4ADF-962D-8B6FB31A4C5D}.Debug|x86.Build.0 = Debug|Any CPU
		{38422976-61C1-4ADF-962D-8B6FB31A4C5D}.Release|Any CPU.ActiveCfg = Release|Any CPU
		{38422976-61C1-4ADF-962D-8B6FB31A4C5D}.Release|Any CPU.Build.0 = Release|Any CPU
		{38422976-61C1-4ADF-962D-8B6FB31A4C5D}.Release|x64.ActiveCfg = Release|Any CPU
		{38422976-61C1-4ADF-962D-8B6FB31A4C5D}.Release|x64.Build.0 = Release|Any CPU
		{38422976-61C1-4ADF-962D-8B6FB31A4C5D}.Release|x86.ActiveCfg = Release|Any CPU
		{38422976-61C1-4ADF-962D-8B6FB31A4C5D}.Release|x86.Build.0 = Release|Any CPU
	EndGlobalSection
	GlobalSection(SolutionProperties) = preSolution
		HideSolutionNode = FALSE
	EndGlobalSection
	GlobalSection(ExtensibilityGlobals) = postSolution
		SolutionGuid = {164E7299-6FC8-461A-BEA4-8F6FB8CF3B4F}
	EndGlobalSection
EndGlobal
